<?xml version="1.0" encoding="UTF-8"?>
<Scheme
   LastUpgradeVersion = "1010"
   version = "1.7">
   <BuildAction
      parallelizeBuildables = "YES"
      buildImplicitDependencies = "YES">
      <BuildActionEntries>
         <BuildActionEntry
            buildForTesting = "YES"
            buildForRunning = "YES"
            buildForProfiling = "YES"
            buildForArchiving = "YES"
            buildForAnalyzing = "YES">
            <BuildableReference
               BuildableIdentifier = "primary"
               BlueprintIdentifier = "A97710C21DAB1149009469E0"
               BuildableName = "District-1 Admin.app"
               BlueprintName = "District-1 Admin"
               ReferencedContainer = "container:District-1 Admin.xcodeproj">
            </BuildableReference>
         </BuildActionEntry>
      </BuildActionEntries>
   </BuildAction>
   <TestAction
      buildConfiguration = "Debug"
      selectedDebuggerIdentifier = "Xcode.DebuggerFoundation.Debugger.LLDB"
      selectedLauncherIdentifier = "Xcode.DebuggerFoundation.Launcher.LLDB"
      shouldUseLaunchSchemeArgsEnv = "YES">
      <Testables>
         <TestableReference
            skipped = "NO">
            <BuildableReference
               BuildableIdentifier = "primary"
               BlueprintIdentifier = "A97710D91DAB1149009469E0"
               BuildableName = "District-1 AdminTests.xctest"
               BlueprintName = "District-1 AdminTests"
               ReferencedContainer = "container:District-1 Admin.xcodeproj">
            </BuildableReference>
         </TestableReference>
         <TestableReference
            skipped = "NO">
            <BuildableReference
               BuildableIdentifier = "primary"
               BlueprintIdentifier = "A97710E41DAB1149009469E0"
               BuildableName = "District-1 AdminUITests.xctest"
               BlueprintName = "District-1 AdminUITests"
               ReferencedContainer = "container:District-1 Admin.xcodeproj">
            </BuildableReference>
         </TestableReference>
      </Testables>
      <MacroExpansion>
         <BuildableReference
            BuildableIdentifier = "primary"
            BlueprintIdentifier = "A97710C21DAB1149009469E0"
            BuildableName = "District-1 Admin.app"
            BlueprintName = "District-1 Admin"
            ReferencedContainer = "container:District-1 Admin.xcodeproj">
         </BuildableReference>
      </MacroExpansion>
      <AdditionalOptions>
      </AdditionalOptions>
   </TestAction>
   <LaunchAction
      buildConfiguration = "Debug"
      selectedDebuggerIdentifier = "Xcode.DebuggerFoundation.Debugger.LLDB"
      selectedLauncherIdentifier = "Xcode.DebuggerFoundation.Launcher.LLDB"
      enableAddressSanitizer = "YES"
      enableASanStackUseAfterReturn = "YES"
      enableUBSanitizer = "YES"
      launchStyle = "0"
      useCustomWorkingDirectory = "NO"
      ignoresPersistentStateOnLaunch = "NO"
      debugDocumentVersioning = "YES"
      stopOnEveryThreadSanitizerIssue = "YES"
      stopOnEveryMainThreadCheckerIssue = "YES"
      debugServiceExtension = "internal"
      allowLocationSimulation = "NO">
      <BuildableProductRunnable
         runnableDebuggingMode = "0">
         <BuildableReference
            BuildableIdentifier = "primary"
            BlueprintIdentifier = "A97710C21DAB1149009469E0"
            BuildableName = "District-1 Admin.app"
            BlueprintName = "District-1 Admin"
            ReferencedContainer = "container:District-1 Admin.xcodeproj">
         </BuildableReference>
      </BuildableProductRunnable>
      <AdditionalOptions>
         <AdditionalOption
            key = "NSZombieEnabled"
            value = "YES"
            isEnabled = "YES">
         </AdditionalOption>
         <AdditionalOption
            key = "MallocScribble"
            value = ""
            isEnabled = "YES">
         </AdditionalOption>
      </AdditionalOptions>
      <LocationScenarioReference
         identifier = "../BeaconCrawl-Framework/BeaconCrawl/1. 1051 FederalHall.gpx"
         referenceType = "0">
      </LocationScenarioReference>
   </LaunchAction>
   <ProfileAction
      buildConfiguration = "Release"
      shouldUseLaunchSchemeArgsEnv = "YES"
      savedToolIdentifier = ""
      useCustomWorkingDirectory = "NO"
      debugDocumentVersioning = "YES">
      <BuildableProductRunnable
         runnableDebuggingMode = "0">
         <BuildableReference
            BuildableIdentifier = "primary"
            BlueprintIdentifier = "A97710C21DAB1149009469E0"
            BuildableName = "District-1 Admin.app"
            BlueprintName = "District-1 Admin"
            ReferencedContainer = "container:District-1 Admin.xcodeproj">
         </BuildableReference>
      </BuildableProductRunnable>
   </ProfileAction>
   <AnalyzeAction
      buildConfiguration = "Debug">
   </AnalyzeAction>
   <ArchiveAction
      buildConfiguration = "Beta"
      revealArchiveInOrganizer = "YES">
   </ArchiveAction>
</Scheme>
